
Microsoft Visual Studio Solution File, Format Version 12.00
# Visual Studio 15
VisualStudioVersion = 15.0.28010.2026
MinimumVisualStudioVersion = 10.0.40219.1
Project("{8BC9CEB8-8B4A-11D0-8D11-00A0C91BC942}") = "씨++전용 project", "씨++전용 project\씨++전용 project.vcxproj", "{7B78EDA6-D5D1-45E7-8314-FDB64706731F}"
EndProject
Global
	GlobalSection(SolutionConfigurationPlatforms) = preSolution
		Debug|x64 = Debug|x64
		Debug|x86 = Debug|x86
		Release|x64 = Release|x64
		Release|x86 = Release|x86
	EndGlobalSection
	GlobalSection(ProjectConfigurationPlatforms) = postSolution
		{7B78EDA6-D5D1-45E7-8314-FDB64706731F}.Debug|x64.ActiveCfg = Debug|x64
		{7B78EDA6-D5D1-45E7-8314-FDB64706731F}.Debug|x64.Build.0 = Debug|x64
		{7B78EDA6-D5D1-45E7-8314-FDB64706731F}.Debug|x86.ActiveCfg = Debug|Win32
		{7B78EDA6-D5D1-45E7-8314-FDB64706731F}.Debug|x86.Build.0 = Debug|Win32
		{7B78EDA6-D5D1-45E7-8314-FDB64706731F}.Release|x64.ActiveCfg = Release|x64
		{7B78EDA6-D5D1-45E7-8314-FDB64706731F}.Release|x64.Build.0 = Release|x64
		{7B78EDA6-D5D1-45E7-8314-FDB64706731F}.Release|x86.ActiveCfg = Release|Win32
		{7B78EDA6-D5D1-45E7-8314-FDB64706731F}.Release|x86.Build.0 = Release|Win32
	EndGlobalSection
	GlobalSection(SolutionProperties) = preSolution
		HideSolutionNode = FALSE
	EndGlobalSection
	GlobalSection(ExtensibilityGlobals) = postSolution
		SolutionGuid = {6D061941-4DAD-4D89-B432-00D3205695E5}
	EndGlobalSection
EndGlobal
